{
    "name": "kuromi-theme-for-bia",
    "version": "0.0.1",
    "lockfileVersion": 3,
    "requires": true,
    "packages": {
        "": {
            "name": "kuromi-theme-for-bia",
            "version": "0.0.1",
            "dependencies": {
                "kuromi-theme-for-bia": "file:"
            },
            "engines": {
                "vscode": "^1.50.0"
            }
        },
        "node_modules/kuromi-theme-for-bia": {
            "resolved": "",
            "link": true
        }
    }
}
